// !$*UTF8*$!
{
	archiveVersion = 1;
	classes = {
	};
	objectVersion = 56;
	objects = {

/* Begin PBXBuildFile section */
		4D0435EF2B848CE400B1569F /* SwiftUI_ComponentsApp.swift in Sources */ = {isa = PBXBuildFile; fileRef = 4D0435EE2B848CE400B1569F /* SwiftUI_ComponentsApp.swift */; };
		4D0435F12B848CE400B1569F /* ContentView.swift in Sources */ = {isa = PBXBuildFile; fileRef = 4D0435F02B848CE400B1569F /* ContentView.swift */; };
		4D0435F32B848CE700B1569F /* Assets.xcassets in Resources */ = {isa = PBXBuildFile; fileRef = 4D0435F22B848CE700B1569F /* Assets.xcassets */; };
		4D0435F62B848CE700B1569F /* Preview Assets.xcassets in Resources */ = {isa = PBXBuildFile; fileRef = 4D0435F52B848CE700B1569F /* Preview Assets.xcassets */; };
		4D0436002B848CE700B1569F /* SwiftUI_ComponentsTests.swift in Sources */ = {isa = PBXBuildFile; fileRef = 4D0435FF2B848CE700B1569F /* SwiftUI_ComponentsTests.swift */; };
		4D04360A2B848CE700B1569F /* SwiftUI_ComponentsUITests.swift in Sources */ = {isa = PBXBuildFile; fileRef = 4D0436092B848CE700B1569F /* SwiftUI_ComponentsUITests.swift */; };
		4D04360C2B848CE700B1569F /* SwiftUI_ComponentsUITestsLaunchTests.swift in Sources */ = {isa = PBXBuildFile; fileRef = 4D04360B2B848CE700B1569F /* SwiftUI_ComponentsUITestsLaunchTests.swift */; };
		4D0436192B848E0E00B1569F /* TextComponent.swift in Sources */ = {isa = PBXBuildFile; fileRef = 4D0436182B848E0D00B1569F /* TextComponent.swift */; };
		4D04361B2B8491BD00B1569F /* ShapesComponent.swift in Sources */ = {isa = PBXBuildFile; fileRef = 4D04361A2B8491BD00B1569F /* ShapesComponent.swift */; };
		4D22B1892BE60C9B0041ABD7 /* StacksComponenets.swift in Sources */ = {isa = PBXBuildFile; fileRef = 4D22B1882BE60C9B0041ABD7 /* StacksComponenets.swift */; };
		4D22B1C12BE82A690041ABD7 /* PaddingComponents.swift in Sources */ = {isa = PBXBuildFile; fileRef = 4D22B1C02BE82A690041ABD7 /* PaddingComponents.swift */; };
		4D22B1C32BE838D90041ABD7 /* SpacerComponents.swift in Sources */ = {isa = PBXBuildFile; fileRef = 4D22B1C22BE838D90041ABD7 /* SpacerComponents.swift */; };
		4D22B1C52BE853740041ABD7 /* InitsAndEnums.swift in Sources */ = {isa = PBXBuildFile; fileRef = 4D22B1C42BE853740041ABD7 /* InitsAndEnums.swift */; };
		4D7C71522BC65542006EFB22 /* Gradients.swift in Sources */ = {isa = PBXBuildFile; fileRef = 4D7C71512BC65542006EFB22 /* Gradients.swift */; };
		4D7C71542BC65DC2006EFB22 /* SystemIcons.swift in Sources */ = {isa = PBXBuildFile; fileRef = 4D7C71532BC65DC2006EFB22 /* SystemIcons.swift */; };
		4D7C71562BC66614006EFB22 /* ImagesComponent.swift in Sources */ = {isa = PBXBuildFile; fileRef = 4D7C71552BC66614006EFB22 /* ImagesComponent.swift */; };
		4D867E152B8DB0E000B4A56E /* ColorComponent.swift in Sources */ = {isa = PBXBuildFile; fileRef = 4D867E142B8DB0E000B4A56E /* ColorComponent.swift */; };
		4D89B78C2BE08E3300328976 /* FramesComponenets.swift in Sources */ = {isa = PBXBuildFile; fileRef = 4D89B78B2BE08E3300328976 /* FramesComponenets.swift */; };
		4D89B78E2BE0944200328976 /* BackgroundAndOverlayBootcamp.swift in Sources */ = {isa = PBXBuildFile; fileRef = 4D89B78D2BE0944200328976 /* BackgroundAndOverlayBootcamp.swift */; };
		4DE6CC6C2C115A17005E20A0 /* ForEachBootcamp.swift in Sources */ = {isa = PBXBuildFile; fileRef = 4DE6CC6B2C115A17005E20A0 /* ForEachBootcamp.swift */; };
/* End PBXBuildFile section */

/* Begin PBXContainerItemProxy section */
		4D0435FC2B848CE700B1569F /* PBXContainerItemProxy */ = {
			isa = PBXContainerItemProxy;
			containerPortal = 4D0435E32B848CE400B1569F /* Project object */;
			proxyType = 1;
			remoteGlobalIDString = 4D0435EA2B848CE400B1569F;
			remoteInfo = "SwiftUI Components";
		};
		4D0436062B848CE700B1569F /* PBXContainerItemProxy */ = {
			isa = PBXContainerItemProxy;
			containerPortal = 4D0435E32B848CE400B1569F /* Project object */;
			proxyType = 1;
			remoteGlobalIDString = 4D0435EA2B848CE400B1569F;
			remoteInfo = "SwiftUI Components";
		};
/* End PBXContainerItemProxy section */

/* Begin PBXFileReference section */
		4D0435EB2B848CE400B1569F /* SwiftUI Components.app */ = {isa = PBXFileReference; explicitFileType = wrapper.application; includeInIndex = 0; path = "SwiftUI Components.app"; sourceTree = BUILT_PRODUCTS_DIR; };
		4D0435EE2B848CE400B1569F /* SwiftUI_ComponentsApp.swift */ = {isa = PBXFileReference; lastKnownFileType = sourcecode.swift; path = SwiftUI_ComponentsApp.swift; sourceTree = "<group>"; };
		4D0435F02B848CE400B1569F /* ContentView.swift */ = {isa = PBXFileReference; lastKnownFileType = sourcecode.swift; path = ContentView.swift; sourceTree = "<group>"; };
		4D0435F22B848CE700B1569F /* Assets.xcassets */ = {isa = PBXFileReference; lastKnownFileType = folder.assetcatalog; path = Assets.xcassets; sourceTree = "<group>"; };
		4D0435F52B848CE700B1569F /* Preview Assets.xcassets */ = {isa = PBXFileReference; lastKnownFileType = folder.assetcatalog; path = "Preview Assets.xcassets"; sourceTree = "<group>"; };
		4D0435FB2B848CE700B1569F /* SwiftUI ComponentsTests.xctest */ = {isa = PBXFileReference; explicitFileType = wrapper.cfbundle; includeInIndex = 0; path = "SwiftUI ComponentsTests.xctest"; sourceTree = BUILT_PRODUCTS_DIR; };
		4D0435FF2B848CE700B1569F /* SwiftUI_ComponentsTests.swift */ = {isa = PBXFileReference; lastKnownFileType = sourcecode.swift; path = SwiftUI_ComponentsTests.swift; sourceTree = "<group>"; };
		4D0436052B848CE700B1569F /* SwiftUI ComponentsUITests.xctest */ = {isa = PBXFileReference; explicitFileType = wrapper.cfbundle; includeInIndex = 0; path = "SwiftUI ComponentsUITests.xctest"; sourceTree = BUILT_PRODUCTS_DIR; };
		4D0436092B848CE700B1569F /* SwiftUI_ComponentsUITests.swift */ = {isa = PBXFileReference; lastKnownFileType = sourcecode.swift; path = SwiftUI_ComponentsUITests.swift; sourceTree = "<group>"; };
		4D04360B2B848CE700B1569F /* SwiftUI_ComponentsUITestsLaunchTests.swift */ = {isa = PBXFileReference; lastKnownFileType = sourcecode.swift; path = SwiftUI_ComponentsUITestsLaunchTests.swift; sourceTree = "<group>"; };
		4D0436182B848E0D00B1569F /* TextComponent.swift */ = {isa = PBXFileReference; lastKnownFileType = sourcecode.swift; path = TextComponent.swift; sourceTree = "<group>"; };
		4D04361A2B8491BD00B1569F /* ShapesComponent.swift */ = {isa = PBXFileReference; lastKnownFileType = sourcecode.swift; path = ShapesComponent.swift; sourceTree = "<group>"; };
		4D22B1882BE60C9B0041ABD7 /* StacksComponenets.swift */ = {isa = PBXFileReference; lastKnownFileType = sourcecode.swift; path = StacksComponenets.swift; sourceTree = "<group>"; };
		4D22B1C02BE82A690041ABD7 /* PaddingComponents.swift */ = {isa = PBXFileReference; lastKnownFileType = sourcecode.swift; path = PaddingComponents.swift; sourceTree = "<group>"; };
		4D22B1C22BE838D90041ABD7 /* SpacerComponents.swift */ = {isa = PBXFileReference; lastKnownFileType = sourcecode.swift; path = SpacerComponents.swift; sourceTree = "<group>"; };
		4D22B1C42BE853740041ABD7 /* InitsAndEnums.swift */ = {isa = PBXFileReference; lastKnownFileType = sourcecode.swift; path = InitsAndEnums.swift; sourceTree = "<group>"; };
		4D7C71512BC65542006EFB22 /* Gradients.swift */ = {isa = PBXFileReference; lastKnownFileType = sourcecode.swift; path = Gradients.swift; sourceTree = "<group>"; };
		4D7C71532BC65DC2006EFB22 /* SystemIcons.swift */ = {isa = PBXFileReference; lastKnownFileType = sourcecode.swift; path = SystemIcons.swift; sourceTree = "<group>"; };
		4D7C71552BC66614006EFB22 /* ImagesComponent.swift */ = {isa = PBXFileReference; lastKnownFileType = sourcecode.swift; path = ImagesComponent.swift; sourceTree = "<group>"; };
		4D867E142B8DB0E000B4A56E /* ColorComponent.swift */ = {isa = PBXFileReference; lastKnownFileType = sourcecode.swift; path = ColorComponent.swift; sourceTree = "<group>"; };
		4D89B78B2BE08E3300328976 /* FramesComponenets.swift */ = {isa = PBXFileReference; lastKnownFileType = sourcecode.swift; path = FramesComponenets.swift; sourceTree = "<group>"; };
		4D89B78D2BE0944200328976 /* BackgroundAndOverlayBootcamp.swift */ = {isa = PBXFileReference; lastKnownFileType = sourcecode.swift; path = BackgroundAndOverlayBootcamp.swift; sourceTree = "<group>"; };
		4DE6CC6B2C115A17005E20A0 /* ForEachBootcamp.swift */ = {isa = PBXFileReference; lastKnownFileType = sourcecode.swift; path = ForEachBootcamp.swift; sourceTree = "<group>"; };
/* End PBXFileReference section */

/* Begin PBXFrameworksBuildPhase section */
		4D0435E82B848CE400B1569F /* Frameworks */ = {
			isa = PBXFrameworksBuildPhase;
			buildActionMask = 2147483647;
			files = (
			);
			runOnlyForDeploymentPostprocessing = 0;
		};
		4D0435F82B848CE700B1569F /* Frameworks */ = {
			isa = PBXFrameworksBuildPhase;
			buildActionMask = 2147483647;
			files = (
			);
			runOnlyForDeploymentPostprocessing = 0;
		};
		4D0436022B848CE700B1569F /* Frameworks */ = {
			isa = PBXFrameworksBuildPhase;
			buildActionMask = 2147483647;
			files = (
			);
			runOnlyForDeploymentPostprocessing = 0;
		};
/* End PBXFrameworksBuildPhase section */

/* Begin PBXGroup section */
		4D0435E22B848CE400B1569F = {
			isa = PBXGroup;
			children = (
				4DE6CC6B2C115A17005E20A0 /* ForEachBootcamp.swift */,
				4D89B78D2BE0944200328976 /* BackgroundAndOverlayBootcamp.swift */,
				4D0435ED2B848CE400B1569F /* SwiftUI Components */,
				4D0435FE2B848CE700B1569F /* SwiftUI ComponentsTests */,
				4D0436082B848CE700B1569F /* SwiftUI ComponentsUITests */,
				4D0435EC2B848CE400B1569F /* Products */,
			);
			sourceTree = "<group>";
		};
		4D0435EC2B848CE400B1569F /* Products */ = {
			isa = PBXGroup;
			children = (
				4D0435EB2B848CE400B1569F /* SwiftUI Components.app */,
				4D0435FB2B848CE700B1569F /* SwiftUI ComponentsTests.xctest */,
				4D0436052B848CE700B1569F /* SwiftUI ComponentsUITests.xctest */,
			);
			name = Products;
			sourceTree = "<group>";
		};
		4D0435ED2B848CE400B1569F /* SwiftUI Components */ = {
			isa = PBXGroup;
			children = (
				4D0435EE2B848CE400B1569F /* SwiftUI_ComponentsApp.swift */,
				4D0435F02B848CE400B1569F /* ContentView.swift */,
				4D0435F22B848CE700B1569F /* Assets.xcassets */,
				4D0435F42B848CE700B1569F /* Preview Content */,
				4D0436182B848E0D00B1569F /* TextComponent.swift */,
				4D04361A2B8491BD00B1569F /* ShapesComponent.swift */,
				4D867E142B8DB0E000B4A56E /* ColorComponent.swift */,
				4D7C71512BC65542006EFB22 /* Gradients.swift */,
				4D7C71532BC65DC2006EFB22 /* SystemIcons.swift */,
				4D7C71552BC66614006EFB22 /* ImagesComponent.swift */,
				4D89B78B2BE08E3300328976 /* FramesComponenets.swift */,
				4D22B1882BE60C9B0041ABD7 /* StacksComponenets.swift */,
				4D22B1C02BE82A690041ABD7 /* PaddingComponents.swift */,
				4D22B1C22BE838D90041ABD7 /* SpacerComponents.swift */,
				4D22B1C42BE853740041ABD7 /* InitsAndEnums.swift */,
			);
			path = "SwiftUI Components";
			sourceTree = "<group>";
		};
		4D0435F42B848CE700B1569F /* Preview Content */ = {
			isa = PBXGroup;
			children = (
				4D0435F52B848CE700B1569F /* Preview Assets.xcassets */,
			);
			path = "Preview Content";
			sourceTree = "<group>";
		};
		4D0435FE2B848CE700B1569F /* SwiftUI ComponentsTests */ = {
			isa = PBXGroup;
			children = (
				4D0435FF2B848CE700B1569F /* SwiftUI_ComponentsTests.swift */,
			);
			path = "SwiftUI ComponentsTests";
			sourceTree = "<group>";
		};
		4D0436082B848CE700B1569F /* SwiftUI ComponentsUITests */ = {
			isa = PBXGroup;
			children = (
				4D0436092B848CE700B1569F /* SwiftUI_ComponentsUITests.swift */,
				4D04360B2B848CE700B1569F /* SwiftUI_ComponentsUITestsLaunchTests.swift */,
			);
			path = "SwiftUI ComponentsUITests";
			sourceTree = "<group>";
		};
/* End PBXGroup section */

/* Begin PBXNativeTarget section */
		4D0435EA2B848CE400B1569F /* SwiftUI Components */ = {
			isa = PBXNativeTarget;
			buildConfigurationList = 4D04360F2B848CE700B1569F /* Build configuration list for PBXNativeTarget "SwiftUI Components" */;
			buildPhases = (
				4D0435E72B848CE400B1569F /* Sources */,
				4D0435E82B848CE400B1569F /* Frameworks */,
				4D0435E92B848CE400B1569F /* Resources */,
			);
			buildRules = (
			);
			dependencies = (
			);
			name = "SwiftUI Components";
			productName = "SwiftUI Components";
			productReference = 4D0435EB2B848CE400B1569F /* SwiftUI Components.app */;
			productType = "com.apple.product-type.application";
		};
		4D0435FA2B848CE700B1569F /* SwiftUI ComponentsTests */ = {
			isa = PBXNativeTarget;
			buildConfigurationList = 4D0436122B848CE700B1569F /* Build configuration list for PBXNativeTarget "SwiftUI ComponentsTests" */;
			buildPhases = (
				4D0435F72B848CE700B1569F /* Sources */,
				4D0435F82B848CE700B1569F /* Frameworks */,
				4D0435F92B848CE700B1569F /* Resources */,
			);
			buildRules = (
			);
			dependencies = (
				4D0435FD2B848CE700B1569F /* PBXTargetDependency */,
			);
			name = "SwiftUI ComponentsTests";
			productName = "SwiftUI ComponentsTests";
			productReference = 4D0435FB2B848CE700B1569F /* SwiftUI ComponentsTests.xctest */;
			productType = "com.apple.product-type.bundle.unit-test";
		};
		4D0436042B848CE700B1569F /* SwiftUI ComponentsUITests */ = {
			isa = PBXNativeTarget;
			buildConfigurationList = 4D0436152B848CE700B1569F /* Build configuration list for PBXNativeTarget "SwiftUI ComponentsUITests" */;
			buildPhases = (
				4D0436012B848CE700B1569F /* Sources */,
				4D0436022B848CE700B1569F /* Frameworks */,
				4D0436032B848CE700B1569F /* Resources */,
			);
			buildRules = (
			);
			dependencies = (
				4D0436072B848CE700B1569F /* PBXTargetDependency */,
			);
			name = "SwiftUI ComponentsUITests";
			productName = "SwiftUI ComponentsUITests";
			productReference = 4D0436052B848CE700B1569F /* SwiftUI ComponentsUITests.xctest */;
			productType = "com.apple.product-type.bundle.ui-testing";
		};
/* End PBXNativeTarget section */

/* Begin PBXProject section */
		4D0435E32B848CE400B1569F /* Project object */ = {
			isa = PBXProject;
			attributes = {
				BuildIndependentTargetsInParallel = 1;
				LastSwiftUpdateCheck = 1520;
				LastUpgradeCheck = 1520;
				TargetAttributes = {
					4D0435EA2B848CE400B1569F = {
						CreatedOnToolsVersion = 15.2;
					};
					4D0435FA2B848CE700B1569F = {
						CreatedOnToolsVersion = 15.2;
						TestTargetID = 4D0435EA2B848CE400B1569F;
					};
					4D0436042B848CE700B1569F = {
						CreatedOnToolsVersion = 15.2;
						TestTargetID = 4D0435EA2B848CE400B1569F;
					};
				};
			};
			buildConfigurationList = 4D0435E62B848CE400B1569F /* Build configuration list for PBXProject "SwiftUI Components" */;
			compatibilityVersion = "Xcode 14.0";
			developmentRegion = en;
			hasScannedForEncodings = 0;
			knownRegions = (
				en,
				Base,
			);
			mainGroup = 4D0435E22B848CE400B1569F;
			productRefGroup = 4D0435EC2B848CE400B1569F /* Products */;
			projectDirPath = "";
			projectRoot = "";
			targets = (
				4D0435EA2B848CE400B1569F /* SwiftUI Components */,
				4D0435FA2B848CE700B1569F /* SwiftUI ComponentsTests */,
				4D0436042B848CE700B1569F /* SwiftUI ComponentsUITests */,
			);
		};
/* End PBXProject section */

/* Begin PBXResourcesBuildPhase section */
		4D0435E92B848CE400B1569F /* Resources */ = {
			isa = PBXResourcesBuildPhase;
			buildActionMask = 2147483647;
			files = (
				4D0435F62B848CE700B1569F /* Preview Assets.xcassets in Resources */,
				4D0435F32B848CE700B1569F /* Assets.xcassets in Resources */,
			);
			runOnlyForDeploymentPostprocessing = 0;
		};
		4D0435F92B848CE700B1569F /* Resources */ = {
			isa = PBXResourcesBuildPhase;
			buildActionMask = 2147483647;
			files = (
			);
			runOnlyForDeploymentPostprocessing = 0;
		};
		4D0436032B848CE700B1569F /* Resources */ = {
			isa = PBXResourcesBuildPhase;
			buildActionMask = 2147483647;
			files = (
			);
			runOnlyForDeploymentPostprocessing = 0;
		};
/* End PBXResourcesBuildPhase section */

/* Begin PBXSourcesBuildPhase section */
		4D0435E72B848CE400B1569F /* Sources */ = {
			isa = PBXSourcesBuildPhase;
			buildActionMask = 2147483647;
			files = (
				4D0436192B848E0E00B1569F /* TextComponent.swift in Sources */,
				4D89B78E2BE0944200328976 /* BackgroundAndOverlayBootcamp.swift in Sources */,
				4D7C71562BC66614006EFB22 /* ImagesComponent.swift in Sources */,
				4D22B1C12BE82A690041ABD7 /* PaddingComponents.swift in Sources */,
				4D89B78C2BE08E3300328976 /* FramesComponenets.swift in Sources */,
				4D0435F12B848CE400B1569F /* ContentView.swift in Sources */,
				4D22B1C32BE838D90041ABD7 /* SpacerComponents.swift in Sources */,
				4D0435EF2B848CE400B1569F /* SwiftUI_ComponentsApp.swift in Sources */,
				4DE6CC6C2C115A17005E20A0 /* ForEachBootcamp.swift in Sources */,
				4D22B1C52BE853740041ABD7 /* InitsAndEnums.swift in Sources */,
				4D22B1892BE60C9B0041ABD7 /* StacksComponenets.swift in Sources */,
				4D04361B2B8491BD00B1569F /* ShapesComponent.swift in Sources */,
				4D867E152B8DB0E000B4A56E /* ColorComponent.swift in Sources */,
				4D7C71522BC65542006EFB22 /* Gradients.swift in Sources */,
				4D7C71542BC65DC2006EFB22 /* SystemIcons.swift in Sources */,
			);
			runOnlyForDeploymentPostprocessing = 0;
		};
		4D0435F72B848CE700B1569F /* Sources */ = {
			isa = PBXSourcesBuildPhase;
			buildActionMask = 2147483647;
			files = (
				4D0436002B848CE700B1569F /* SwiftUI_ComponentsTests.swift in Sources */,
			);
			runOnlyForDeploymentPostprocessing = 0;
		};
		4D0436012B848CE700B1569F /* Sources */ = {
			isa = PBXSourcesBuildPhase;
			buildActionMask = 2147483647;
			files = (
				4D04360C2B848CE700B1569F /* SwiftUI_ComponentsUITestsLaunchTests.swift in Sources */,
				4D04360A2B848CE700B1569F /* SwiftUI_ComponentsUITests.swift in Sources */,
			);
			runOnlyForDeploymentPostprocessing = 0;
		};
/* End PBXSourcesBuildPhase section */

/* Begin PBXTargetDependency section */
		4D0435FD2B848CE700B1569F /* PBXTargetDependency */ = {
			isa = PBXTargetDependency;
			target = 4D0435EA2B848CE400B1569F /* SwiftUI Components */;
			targetProxy = 4D0435FC2B848CE700B1569F /* PBXContainerItemProxy */;
		};
		4D0436072B848CE700B1569F /* PBXTargetDependency */ = {
			isa = PBXTargetDependency;
			target = 4D0435EA2B848CE400B1569F /* SwiftUI Components */;
			targetProxy = 4D0436062B848CE700B1569F /* PBXContainerItemProxy */;
		};
/* End PBXTargetDependency section */

/* Begin XCBuildConfiguration section */
		4D04360D2B848CE700B1569F /* Debug */ = {
			isa = XCBuildConfiguration;
			buildSettings = {
				ALWAYS_SEARCH_USER_PATHS = NO;
				ASSETCATALOG_COMPILER_GENERATE_SWIFT_ASSET_SYMBOL_EXTENSIONS = YES;
				CLANG_ANALYZER_NONNULL = YES;
				CLANG_ANALYZER_NUMBER_OBJECT_CONVERSION = YES_AGGRESSIVE;
				CLANG_CXX_LANGUAGE_STANDARD = "gnu++20";
				CLANG_ENABLE_MODULES = YES;
				CLANG_ENABLE_OBJC_ARC = YES;
				CLANG_ENABLE_OBJC_WEAK = YES;
				CLANG_WARN_BLOCK_CAPTURE_AUTORELEASING = YES;
				CLANG_WARN_BOOL_CONVERSION = YES;
				CLANG_WARN_COMMA = YES;
				CLANG_WARN_CONSTANT_CONVERSION = YES;
				CLANG_WARN_DEPRECATED_OBJC_IMPLEMENTATIONS = YES;
				CLANG_WARN_DIRECT_OBJC_ISA_USAGE = YES_ERROR;
				CLANG_WARN_DOCUMENTATION_COMMENTS = YES;
				CLANG_WARN_EMPTY_BODY = YES;
				CLANG_WARN_ENUM_CONVERSION = YES;
				CLANG_WARN_INFINITE_RECURSION = YES;
				CLANG_WARN_INT_CONVERSION = YES;
				CLANG_WARN_NON_LITERAL_NULL_CONVERSION = YES;
				CLANG_WARN_OBJC_IMPLICIT_RETAIN_SELF = YES;
				CLANG_WARN_OBJC_LITERAL_CONVERSION = YES;
				CLANG_WARN_OBJC_ROOT_CLASS = YES_ERROR;
				CLANG_WARN_QUOTED_INCLUDE_IN_FRAMEWORK_HEADER = YES;
				CLANG_WARN_RANGE_LOOP_ANALYSIS = YES;
				CLANG_WARN_STRICT_PROTOTYPES = YES;
				CLANG_WARN_SUSPICIOUS_MOVE = YES;
				CLANG_WARN_UNGUARDED_AVAILABILITY = YES_AGGRESSIVE;
				CLANG_WARN_UNREACHABLE_CODE = YES;
				CLANG_WARN__DUPLICATE_METHOD_MATCH = YES;
				COPY_PHASE_STRIP = NO;
				DEBUG_INFORMATION_FORMAT = dwarf;
				ENABLE_STRICT_OBJC_MSGSEND = YES;
				ENABLE_TESTABILITY = YES;
				ENABLE_USER_SCRIPT_SANDBOXING = YES;
				GCC_C_LANGUAGE_STANDARD = gnu17;
				GCC_DYNAMIC_NO_PIC = NO;
				GCC_NO_COMMON_BLOCKS = YES;
				GCC_OPTIMIZATION_LEVEL = 0;
				GCC_PREPROCESSOR_DEFINITIONS = (
					"DEBUG=1",
					"$(inherited)",
				);
				GCC_WARN_64_TO_32_BIT_CONVERSION = YES;
				GCC_WARN_ABOUT_RETURN_TYPE = YES_ERROR;
				GCC_WARN_UNDECLARED_SELECTOR = YES;
				GCC_WARN_UNINITIALIZED_AUTOS = YES_AGGRESSIVE;
				GCC_WARN_UNUSED_FUNCTION = YES;
				GCC_WARN_UNUSED_VARIABLE = YES;
				IPHONEOS_DEPLOYMENT_TARGET = 17.2;
				LOCALIZATION_PREFERS_STRING_CATALOGS = YES;
				MTL_ENABLE_DEBUG_INFO = INCLUDE_SOURCE;
				MTL_FAST_MATH = YES;
				ONLY_ACTIVE_ARCH = YES;
				SDKROOT = iphoneos;
				SWIFT_ACTIVE_COMPILATION_CONDITIONS = "DEBUG $(inherited)";
				SWIFT_OPTIMIZATION_LEVEL = "-Onone";
			};
			name = Debug;
		};
		4D04360E2B848CE700B1569F /* Release */ = {
			isa = XCBuildConfiguration;
			buildSettings = {
				ALWAYS_SEARCH_USER_PATHS = NO;
				ASSETCATALOG_COMPILER_GENERATE_SWIFT_ASSET_SYMBOL_EXTENSIONS = YES;
				CLANG_ANALYZER_NONNULL = YES;
				CLANG_ANALYZER_NUMBER_OBJECT_CONVERSION = YES_AGGRESSIVE;
				CLANG_CXX_LANGUAGE_STANDARD = "gnu++20";
				CLANG_ENABLE_MODULES = YES;
				CLANG_ENABLE_OBJC_ARC = YES;
				CLANG_ENABLE_OBJC_WEAK = YES;
				CLANG_WARN_BLOCK_CAPTURE_AUTORELEASING = YES;
				CLANG_WARN_BOOL_CONVERSION = YES;
				CLANG_WARN_COMMA = YES;
				CLANG_WARN_CONSTANT_CONVERSION = YES;
				CLANG_WARN_DEPRECATED_OBJC_IMPLEMENTATIONS = YES;
				CLANG_WARN_DIRECT_OBJC_ISA_USAGE = YES_ERROR;
				CLANG_WARN_DOCUMENTATION_COMMENTS = YES;
				CLANG_WARN_EMPTY_BODY = YES;
				CLANG_WARN_ENUM_CONVERSION = YES;
				CLANG_WARN_INFINITE_RECURSION = YES;
				CLANG_WARN_INT_CONVERSION = YES;
				CLANG_WARN_NON_LITERAL_NULL_CONVERSION = YES;
				CLANG_WARN_OBJC_IMPLICIT_RETAIN_SELF = YES;
				CLANG_WARN_OBJC_LITERAL_CONVERSION = YES;
				CLANG_WARN_OBJC_ROOT_CLASS = YES_ERROR;
				CLANG_WARN_QUOTED_INCLUDE_IN_FRAMEWORK_HEADER = YES;
				CLANG_WARN_RANGE_LOOP_ANALYSIS = YES;
				CLANG_WARN_STRICT_PROTOTYPES = YES;
				CLANG_WARN_SUSPICIOUS_MOVE = YES;
				CLANG_WARN_UNGUARDED_AVAILABILITY = YES_AGGRESSIVE;
				CLANG_WARN_UNREACHABLE_CODE = YES;
				CLANG_WARN__DUPLICATE_METHOD_MATCH = YES;
				COPY_PHASE_STRIP = NO;
				DEBUG_INFORMATION_FORMAT = "dwarf-with-dsym";
				ENABLE_NS_ASSERTIONS = NO;
				ENABLE_STRICT_OBJC_MSGSEND = YES;
				ENABLE_USER_SCRIPT_SANDBOXING = YES;
				GCC_C_LANGUAGE_STANDARD = gnu17;
				GCC_NO_COMMON_BLOCKS = YES;
				GCC_WARN_64_TO_32_BIT_CONVERSION = YES;
				GCC_WARN_ABOUT_RETURN_TYPE = YES_ERROR;
				GCC_WARN_UNDECLARED_SELECTOR = YES;
				GCC_WARN_UNINITIALIZED_AUTOS = YES_AGGRESSIVE;
				GCC_WARN_UNUSED_FUNCTION = YES;
				GCC_WARN_UNUSED_VARIABLE = YES;
				IPHONEOS_DEPLOYMENT_TARGET = 17.2;
				LOCALIZATION_PREFERS_STRING_CATALOGS = YES;
				MTL_ENABLE_DEBUG_INFO = NO;
				MTL_FAST_MATH = YES;
				SDKROOT = iphoneos;
				SWIFT_COMPILATION_MODE = wholemodule;
				VALIDATE_PRODUCT = YES;
			};
			name = Release;
		};
		4D0436102B848CE700B1569F /* Debug */ = {
			isa = XCBuildConfiguration;
			buildSettings = {
				ASSETCATALOG_COMPILER_APPICON_NAME = AppIcon;
				ASSETCATALOG_COMPILER_GLOBAL_ACCENT_COLOR_NAME = AccentColor;
				CODE_SIGN_STYLE = Automatic;
				CURRENT_PROJECT_VERSION = 1;
				DEVELOPMENT_ASSET_PATHS = "\"SwiftUI Components/Preview Content\"";
				DEVELOPMENT_TEAM = 853K3F2A4U;
				ENABLE_PREVIEWS = YES;
				GENERATE_INFOPLIST_FILE = YES;
				INFOPLIST_KEY_UIApplicationSceneManifest_Generation = YES;
				INFOPLIST_KEY_UIApplicationSupportsIndirectInputEvents = YES;
				INFOPLIST_KEY_UILaunchScreen_Generation = YES;
				INFOPLIST_KEY_UISupportedInterfaceOrientations_iPad = "UIInterfaceOrientationPortrait UIInterfaceOrientationPortraitUpsideDown UIInterfaceOrientationLandscapeLeft UIInterfaceOrientationLandscapeRight";
				INFOPLIST_KEY_UISupportedInterfaceOrientations_iPhone = "UIInterfaceOrientationPortrait UIInterfaceOrientationLandscapeLeft UIInterfaceOrientationLandscapeRight";
				LD_RUNPATH_SEARCH_PATHS = (
					"$(inherited)",
					"@executable_path/Frameworks",
				);
				MARKETING_VERSION = 1.0;
				PRODUCT_BUNDLE_IDENTIFIER = "the.codeholic.SwiftUI-Components";
				PRODUCT_NAME = "$(TARGET_NAME)";
				SWIFT_EMIT_LOC_STRINGS = YES;
				SWIFT_VERSION = 5.0;
				TARGETED_DEVICE_FAMILY = "1,2";
			};
			name = Debug;
		};
		4D0436112B848CE700B1569F /* Release */ = {
			isa = XCBuildConfiguration;
			buildSettings = {
				ASSETCATALOG_COMPILER_APPICON_NAME = AppIcon;
				ASSETCATALOG_COMPILER_GLOBAL_ACCENT_COLOR_NAME = AccentColor;
				CODE_SIGN_STYLE = Automatic;
				CURRENT_PROJECT_VERSION = 1;
				DEVELOPMENT_ASSET_PATHS = "\"SwiftUI Components/Preview Content\"";
				DEVELOPMENT_TEAM = 853K3F2A4U;
				ENABLE_PREVIEWS = YES;
				GENERATE_INFOPLIST_FILE = YES;
				INFOPLIST_KEY_UIApplicationSceneManifest_Generation = YES;
				INFOPLIST_KEY_UIApplicationSupportsIndirectInputEvents = YES;
				INFOPLIST_KEY_UILaunchScreen_Generation = YES;
				INFOPLIST_KEY_UISupportedInterfaceOrientations_iPad = "UIInterfaceOrientationPortrait UIInterfaceOrientationPortraitUpsideDown UIInterfaceOrientationLandscapeLeft UIInterfaceOrientationLandscapeRight";
				INFOPLIST_KEY_UISupportedInterfaceOrientations_iPhone = "UIInterfaceOrientationPortrait UIInterfaceOrientationLandscapeLeft UIInterfaceOrientationLandscapeRight";
				LD_RUNPATH_SEARCH_PATHS = (
					"$(inherited)",
					"@executable_path/Frameworks",
				);
				MARKETING_VERSION = 1.0;
				PRODUCT_BUNDLE_IDENTIFIER = "the.codeholic.SwiftUI-Components";
				PRODUCT_NAME = "$(TARGET_NAME)";
				SWIFT_EMIT_LOC_STRINGS = YES;
				SWIFT_VERSION = 5.0;
				TARGETED_DEVICE_FAMILY = "1,2";
			};
			name = Release;
		};
		4D0436132B848CE700B1569F /* Debug */ = {
			isa = XCBuildConfiguration;
			buildSettings = {
				ALWAYS_EMBED_SWIFT_STANDARD_LIBRARIES = YES;
				BUNDLE_LOADER = "$(TEST_HOST)";
				CODE_SIGN_STYLE = Automatic;
				CURRENT_PROJECT_VERSION = 1;
				DEVELOPMENT_TEAM = 853K3F2A4U;
				GENERATE_INFOPLIST_FILE = YES;
				IPHONEOS_DEPLOYMENT_TARGET = 17.2;
				MARKETING_VERSION = 1.0;
				PRODUCT_BUNDLE_IDENTIFIER = "the.codeholic.SwiftUI-ComponentsTests";
				PRODUCT_NAME = "$(TARGET_NAME)";
				SWIFT_EMIT_LOC_STRINGS = NO;
				SWIFT_VERSION = 5.0;
				TARGETED_DEVICE_FAMILY = "1,2";
				TEST_HOST = "$(BUILT_PRODUCTS_DIR)/SwiftUI Components.app/$(BUNDLE_EXECUTABLE_FOLDER_PATH)/SwiftUI Components";
			};
			name = Debug;
		};
		4D0436142B848CE700B1569F /* Release */ = {
			isa = XCBuildConfiguration;
			buildSettings = {
				ALWAYS_EMBED_SWIFT_STANDARD_LIBRARIES = YES;
				BUNDLE_LOADER = "$(TEST_HOST)";
				CODE_SIGN_STYLE = Automatic;
				CURRENT_PROJECT_VERSION = 1;
				DEVELOPMENT_TEAM = 853K3F2A4U;
				GENERATE_INFOPLIST_FILE = YES;
				IPHONEOS_DEPLOYMENT_TARGET = 17.2;
				MARKETING_VERSION = 1.0;
				PRODUCT_BUNDLE_IDENTIFIER = "the.codeholic.SwiftUI-ComponentsTests";
				PRODUCT_NAME = "$(TARGET_NAME)";
				SWIFT_EMIT_LOC_STRINGS = NO;
				SWIFT_VERSION = 5.0;
				TARGETED_DEVICE_FAMILY = "1,2";
				TEST_HOST = "$(BUILT_PRODUCTS_DIR)/SwiftUI Components.app/$(BUNDLE_EXECUTABLE_FOLDER_PATH)/SwiftUI Components";
			};
			name = Release;
		};
		4D0436162B848CE700B1569F /* Debug */ = {
			isa = XCBuildConfiguration;
			buildSettings = {
				ALWAYS_EMBED_SWIFT_STANDARD_LIBRARIES = YES;
				CODE_SIGN_STYLE = Automatic;
				CURRENT_PROJECT_VERSION = 1;
				DEVELOPMENT_TEAM = 853K3F2A4U;
				GENERATE_INFOPLIST_FILE = YES;
				MARKETING_VERSION = 1.0;
				PRODUCT_BUNDLE_IDENTIFIER = "the.codeholic.SwiftUI-ComponentsUITests";
				PRODUCT_NAME = "$(TARGET_NAME)";
				SWIFT_EMIT_LOC_STRINGS = NO;
				SWIFT_VERSION = 5.0;
				TARGETED_DEVICE_FAMILY = "1,2";
				TEST_TARGET_NAME = "SwiftUI Components";
			};
			name = Debug;
		};
		4D0436172B848CE700B1569F /* Release */ = {
			isa = XCBuildConfiguration;
			buildSettings = {
				ALWAYS_EMBED_SWIFT_STANDARD_LIBRARIES = YES;
				CODE_SIGN_STYLE = Automatic;
				CURRENT_PROJECT_VERSION = 1;
				DEVELOPMENT_TEAM = 853K3F2A4U;
				GENERATE_INFOPLIST_FILE = YES;
				MARKETING_VERSION = 1.0;
				PRODUCT_BUNDLE_IDENTIFIER = "the.codeholic.SwiftUI-ComponentsUITests";
				PRODUCT_NAME = "$(TARGET_NAME)";
				SWIFT_EMIT_LOC_STRINGS = NO;
				SWIFT_VERSION = 5.0;
				TARGETED_DEVICE_FAMILY = "1,2";
				TEST_TARGET_NAME = "SwiftUI Components";
			};
			name = Release;
		};
/* End XCBuildConfiguration section */

/* Begin XCConfigurationList section */
		4D0435E62B848CE400B1569F /* Build configuration list for PBXProject "SwiftUI Components" */ = {
			isa = XCConfigurationList;
			buildConfigurations = (
				4D04360D2B848CE700B1569F /* Debug */,
				4D04360E2B848CE700B1569F /* Release */,
			);
			defaultConfigurationIsVisible = 0;
			defaultConfigurationName = Release;
		};
		4D04360F2B848CE700B1569F /* Build configuration list for PBXNativeTarget "SwiftUI Components" */ = {
			isa = XCConfigurationList;
			buildConfigurations = (
				4D0436102B848CE700B1569F /* Debug */,
				4D0436112B848CE700B1569F /* Release */,
			);
			defaultConfigurationIsVisible = 0;
			defaultConfigurationName = Release;
		};
		4D0436122B848CE700B1569F /* Build configuration list for PBXNativeTarget "SwiftUI ComponentsTests" */ = {
			isa = XCConfigurationList;
			buildConfigurations = (
				4D0436132B848CE700B1569F /* Debug */,
				4D0436142B848CE700B1569F /* Release */,
			);
			defaultConfigurationIsVisible = 0;
			defaultConfigurationName = Release;
		};
		4D0436152B848CE700B1569F /* Build configuration list for PBXNativeTarget "SwiftUI ComponentsUITests" */ = {
			isa = XCConfigurationList;
			buildConfigurations = (
				4D0436162B848CE700B1569F /* Debug */,
				4D0436172B848CE700B1569F /* Release */,
			);
			defaultConfigurationIsVisible = 0;
			defaultConfigurationName = Release;
		};
/* End XCConfigurationList section */
	};
	rootObject = 4D0435E32B848CE400B1569F /* Project object */;
}
